
Microsoft Visual Studio Solution File, Format Version 12.00
Project("{FAE04EC0-301F-11D3-BF4B-00C04F79EFBC}") = "DemoSendEmails", "DemoSendEmails\DemoSendEmails.csproj", "{F547B232-296B-408E-ACC7-A7FCD376557E}"
EndProject
Global
	GlobalSection(SolutionConfigurationPlatforms) = preSolution
		Debug|Any CPU = Debug|Any CPU
		Release|Any CPU = Release|Any CPU
	EndGlobalSection
	GlobalSection(ProjectConfigurationPlatforms) = postSolution
		{F547B232-296B-408E-ACC7-A7FCD376557E}.Debug|Any CPU.ActiveCfg = Debug|Any CPU
		{F547B232-296B-408E-ACC7-A7FCD376557E}.Debug|Any CPU.Build.0 = Debug|Any CPU
		{F547B232-296B-408E-ACC7-A7FCD376557E}.Release|Any CPU.ActiveCfg = Release|Any CPU
		{F547B232-296B-408E-ACC7-A7FCD376557E}.Release|Any CPU.Build.0 = Release|Any CPU
	EndGlobalSection
EndGlobal
